# This file is automatically @generated by Cargo.
# It is not intended for manual editing.
version = 4

[[package]]
name = "game"
version = "0.1.0"
dependencies = [
 "game-core",
 "game-memory",
]

[[package]]
name = "game-core"
version = "0.1.0"

[[package]]
name = "game-memory"
version = "0.1.0"

[[package]]
name = "gamz"
version = "0.1.0"
